
Microsoft Visual Studio Solution File, Format Version 11.00
# Visual Studio 2010
# SharpDevelop 4.3
Project("{FAE04EC0-301F-11D3-BF4B-00C04F79EFBC}") = "practica3_hastable", "practica3_hastable\practica3_hastable.csproj", "{31BAAA0B-0BDE-4F34-8D4E-F9F1B9377B1D}"
EndProject
Global
	GlobalSection(SolutionConfigurationPlatforms) = preSolution
		Debug|Any CPU = Debug|Any CPU
		Release|Any CPU = Release|Any CPU
	EndGlobalSection
	GlobalSection(ProjectConfigurationPlatforms) = postSolution
		{31BAAA0B-0BDE-4F34-8D4E-F9F1B9377B1D}.Debug|Any CPU.Build.0 = Debug|Any CPU
		{31BAAA0B-0BDE-4F34-8D4E-F9F1B9377B1D}.Debug|Any CPU.ActiveCfg = Debug|Any CPU
		{31BAAA0B-0BDE-4F34-8D4E-F9F1B9377B1D}.Release|Any CPU.Build.0 = Release|Any CPU
		{31BAAA0B-0BDE-4F34-8D4E-F9F1B9377B1D}.Release|Any CPU.ActiveCfg = Release|Any CPU
	EndGlobalSection
EndGlobal
